hash: 17d09df61e2d4efd3bb2501d74a4e1d42fbb052ee9fa7af2960fc5b136ec082a
updated: 2016-06-13T17:57:58.823924784Z
imports:
- name: github.com/contactless/wbgo
  version: b4f50f05d953975e0dc0401a65c604f8fe98f496
  subpackages:
  - testutils
- name: github.com/DisposaBoy/JsonConfigReader
  version: 33a99fdf1d5ee1f79b5077e9c06f955ad356d5f4
- name: github.com/ivan4th/go-duktape
  version: eaa33641120743ac97315445a0a739c2776182e5
- name: github.com/robfig/cron
  version: 6f2e8282a1a0d694e55a48ce7d077ee46747feeb
- name: github.com/stretchr/objx
  version: 1a9d0bb9f541897e62256577b352fdbc1fb4fd94
- name: github.com/stretchr/testify
  version: 8d64eb7173c7753d6419fd4a9caf057398611364
- name: github.com/tarm/serial
  version: 37be519d49878d0098e34fb614136b81e6c87861
  subpackages:
  - assert
  - require
  - suite
devImports: []
